# This file is automatically @generated by Wally.
# It is not intended for manual editing.
registry = "test"

[[package]]
name = "alicesaidhi/jabby"
version = "0.2.3"
dependencies = [["jecs", "ukendio/jecs@0.6.0"], ["pebble", "alicesaidhi/pebble@0.1.2"], ["vide", "centau/vide@0.3.1"]]

[[package]]
name = "alicesaidhi/pebble"
version = "0.1.2"
dependencies = [["vide", "centau/vide@0.3.1"]]

[[package]]
name = "centau/vide"
version = "0.3.1"
dependencies = []

[[package]]
name = "hero-ku/jecs-template"
version = "0.1.0"
dependencies = [["Jabby", "alicesaidhi/jabby@0.2.3"], ["Jecs", "ukendio/jecs@0.6.0"], ["MatterHooks", "yetanotherclown/planck-matter-hooks@0.2.0-rc.1"], ["Planck", "yetanotherclown/planck@0.2.0-rc.2"], ["PlanckJabby", "yetanotherclown/planck-jabby@0.2.0-rc.1"], ["PlanckRunService", "yetanotherclown/planck-runservice@0.2.0-rc.1"], ["Plasma", "matter-ecs/plasma@0.4.4"]]

[[package]]
name = "matter-ecs/plasma"
version = "0.4.4"
dependencies = []

[[package]]
name = "ukendio/jecs"
version = "0.6.0"
dependencies = []

[[package]]
name = "yetanotherclown/planck"
version = "0.2.0-rc.2"
dependencies = []

[[package]]
name = "yetanotherclown/planck-jabby"
version = "0.2.0-rc.1"
dependencies = [["Jabby", "alicesaidhi/jabby@0.2.3"]]

[[package]]
name = "yetanotherclown/planck-matter-hooks"
version = "0.2.0-rc.1"
dependencies = []

[[package]]
name = "yetanotherclown/planck-runservice"
version = "0.2.0-rc.1"
dependencies = [["Planck", "yetanotherclown/planck@0.2.0-rc.2"]]
